
Microsoft Visual Studio Solution File, Format Version 12.00
# Visual Studio 15
VisualStudioVersion = 15.0.26730.12
MinimumVisualStudioVersion = 10.0.40219.1
Project("{FAE04EC0-301F-11D3-BF4B-00C04F79EFBC}") = "WebTutorial", "WebTutorial\WebTutorial.csproj", "{2D20C287-9ABE-4CCD-9A09-36078C2E0C83}"
EndProject
Global
	GlobalSection(SolutionConfigurationPlatforms) = preSolution
		Debug|Any CPU = Debug|Any CPU
		Release|Any CPU = Release|Any CPU
	EndGlobalSection
	GlobalSection(ProjectConfigurationPlatforms) = postSolution
		{2D20C287-9ABE-4CCD-9A09-36078C2E0C83}.Debug|Any CPU.ActiveCfg = Debug|Any CPU
		{2D20C287-9ABE-4CCD-9A09-36078C2E0C83}.Debug|Any CPU.Build.0 = Debug|Any CPU
		{2D20C287-9ABE-4CCD-9A09-36078C2E0C83}.Release|Any CPU.ActiveCfg = Release|Any CPU
		{2D20C287-9ABE-4CCD-9A09-36078C2E0C83}.Release|Any CPU.Build.0 = Release|Any CPU
	EndGlobalSection
	GlobalSection(SolutionProperties) = preSolution
		HideSolutionNode = FALSE
	EndGlobalSection
	GlobalSection(ExtensibilityGlobals) = postSolution
		SolutionGuid = {E33A5B81-E25F-4603-8D1B-09251796306F}
	EndGlobalSection
EndGlobal
